
Microsoft Visual Studio Solution File, Format Version 12.00
# Visual Studio Version 17
VisualStudioVersion = 17.3.32901.215
MinimumVisualStudioVersion = 10.0.40219.1
Project("{8BC9CEB8-8B4A-11D0-8D11-00A0C91BC942}") = "PDAO", "PDAO\PDAO.vcxproj", "{B3563D83-5963-48BA-9E58-834EF3D834E4}"
EndProject
Global
	GlobalSection(SolutionConfigurationPlatforms) = preSolution
		Debug|x64 = Debug|x64
		Debug|x86 = Debug|x86
		Release|x64 = Release|x64
		Release|x86 = Release|x86
	EndGlobalSection
	GlobalSection(ProjectConfigurationPlatforms) = postSolution
		{B3563D83-5963-48BA-9E58-834EF3D834E4}.Debug|x64.ActiveCfg = Debug|x64
		{B3563D83-5963-48BA-9E58-834EF3D834E4}.Debug|x64.Build.0 = Debug|x64
		{B3563D83-5963-48BA-9E58-834EF3D834E4}.Debug|x86.ActiveCfg = Debug|Win32
		{B3563D83-5963-48BA-9E58-834EF3D834E4}.Debug|x86.Build.0 = Debug|Win32
		{B3563D83-5963-48BA-9E58-834EF3D834E4}.Release|x64.ActiveCfg = Release|x64
		{B3563D83-5963-48BA-9E58-834EF3D834E4}.Release|x64.Build.0 = Release|x64
		{B3563D83-5963-48BA-9E58-834EF3D834E4}.Release|x86.ActiveCfg = Release|Win32
		{B3563D83-5963-48BA-9E58-834EF3D834E4}.Release|x86.Build.0 = Release|Win32
	EndGlobalSection
	GlobalSection(SolutionProperties) = preSolution
		HideSolutionNode = FALSE
	EndGlobalSection
	GlobalSection(ExtensibilityGlobals) = postSolution
		SolutionGuid = {CBB5504E-7D28-4E5B-8B73-536195F15A9E}
	EndGlobalSection
EndGlobal
